
Microsoft Visual Studio Solution File, Format Version 12.00
# Visual Studio 14
VisualStudioVersion = 14.0.25420.1
MinimumVisualStudioVersion = 10.0.40219.1
Project("{FAE04EC0-301F-11D3-BF4B-00C04F79EFBC}") = "Common", "Common\Common.csproj", "{63679E85-102F-45DC-AE22-830572FE1412}"
EndProject
Project("{FAE04EC0-301F-11D3-BF4B-00C04F79EFBC}") = "ControlSimpleMenu", "ControlMenu\ControlSimpleMenu.csproj", "{C21ACD5E-8367-46B4-891E-853CF0FB6EC5}"
EndProject
Project("{FAE04EC0-301F-11D3-BF4B-00C04F79EFBC}") = "ControlSimpleMenuTest", "ControlMenuTest\ControlSimpleMenuTest.csproj", "{4790F80B-89A7-4D60-9D8F-BF83B32A0EE6}"
EndProject
Project("{FAE04EC0-301F-11D3-BF4B-00C04F79EFBC}") = "ControlParameterInput", "ControlParameterInput\ControlParameterInput.csproj", "{0FBCDF8E-7BEB-448D-AB1D-4D60C6786DB4}"
EndProject
Project("{FAE04EC0-301F-11D3-BF4B-00C04F79EFBC}") = "ControlParameterInputTest", "ControlParameterInputTest\ControlParameterInputTest.csproj", "{CD1F9FFD-3D74-4ACF-9A34-41C22955EBEC}"
EndProject
Project("{FAE04EC0-301F-11D3-BF4B-00C04F79EFBC}") = "EnsoPlus", "EnsoPlus\EnsoPlus.csproj", "{FF17945E-4006-4FDD-B5AB-33231AC7A280}"
EndProject
Project("{FAE04EC0-301F-11D3-BF4B-00C04F79EFBC}") = "EnsoPlus.Guard", "EnsoPlus.Guard\EnsoPlus.Guard.csproj", "{100ABCD7-5030-47BE-B357-6C2205927B6B}"
EndProject
Project("{FAE04EC0-301F-11D3-BF4B-00C04F79EFBC}") = "EnsoPlus.Killer", "EnsoPlus.Killer\EnsoPlus.Killer.csproj", "{17BDD3A3-AEA7-4E7B-AFC9-99EEAF59B723}"
EndProject
Project("{FAE04EC0-301F-11D3-BF4B-00C04F79EFBC}") = "EnsoPlus.Restarter", "EnsoPlus.Restarter\EnsoPlus.Restarter.csproj", "{905A6E05-DB2F-4FD4-8E43-F3A56942AB34}"
EndProject
Project("{FAE04EC0-301F-11D3-BF4B-00C04F79EFBC}") = "CraftSynth.BuildingBlocks.Generated", "CraftSynth.BuildingBlocks.Generated\CraftSynth.BuildingBlocks.Generated.csproj", "{E5ED9146-E478-4204-B5AA-AF9BFA8EF153}"
EndProject
Project("{FAE04EC0-301F-11D3-BF4B-00C04F79EFBC}") = "EnsoPlus.LnkFileReader", "EnsoPlus.LnkFileReader\EnsoPlus.LnkFileReader.csproj", "{DEF5756D-7061-4A8B-9B57-6DEDA4B3BE01}"
EndProject
Project("{FAE04EC0-301F-11D3-BF4B-00C04F79EFBC}") = "EnsoPlus.LnkFileReaderTest", "EnsoPlus.LnkFileReaderTest\EnsoPlus.LnkFileReaderTest.csproj", "{A3F38E8C-3923-4895-982C-6543ACB3636C}"
EndProject
Project("{FAE04EC0-301F-11D3-BF4B-00C04F79EFBC}") = "ControlOSD", "ControlOSD\ControlOSD.csproj", "{CF93DE02-1863-4337-8297-07334595DAFF}"
EndProject
Project("{FAE04EC0-301F-11D3-BF4B-00C04F79EFBC}") = "ControlOSDTest", "ControlOSDTest\ControlOSDTest.csproj", "{45DE7EFD-5AB4-4F8E-861A-1192B0A90EEB}"
EndProject
Project("{FAE04EC0-301F-11D3-BF4B-00C04F79EFBC}") = "EnsoPlus.UserActivityBroadcaster", "EnsoPlus.UserActivityBroadcaster\EnsoPlus.UserActivityBroadcaster.csproj", "{2C1E7135-1B97-4B78-85FE-054DED8F60E5}"
EndProject
Project("{54435603-DBB4-11D2-8724-00A0C9A8B90C}") = "EnsoPlus.Setup", "EnsoPlus.Setup\EnsoPlus.Setup.vdproj", "{70608C04-6BB2-4924-96F3-F19263E0A9C2}"
EndProject
Global
	GlobalSection(SolutionConfigurationPlatforms) = preSolution
		CraftSynth_Debug_With_Full_Building_Blocks|Any CPU = CraftSynth_Debug_With_Full_Building_Blocks|Any CPU
		CraftSynth_Debug_With_Full_Building_Blocks|Mixed Platforms = CraftSynth_Debug_With_Full_Building_Blocks|Mixed Platforms
		CraftSynth_Debug_With_Full_Building_Blocks|x86 = CraftSynth_Debug_With_Full_Building_Blocks|x86
		Debug|Any CPU = Debug|Any CPU
		Debug|Mixed Platforms = Debug|Mixed Platforms
		Debug|x86 = Debug|x86
		Release|Any CPU = Release|Any CPU
		Release|Mixed Platforms = Release|Mixed Platforms
		Release|x86 = Release|x86
	EndGlobalSection
	GlobalSection(ProjectConfigurationPlatforms) = postSolution
		{63679E85-102F-45DC-AE22-830572FE1412}.CraftSynth_Debug_With_Full_Building_Blocks|Any CPU.ActiveCfg = Debug|Any CPU
		{63679E85-102F-45DC-AE22-830572FE1412}.CraftSynth_Debug_With_Full_Building_Blocks|Any CPU.Build.0 = Debug|Any CPU
		{63679E85-102F-45DC-AE22-830572FE1412}.CraftSynth_Debug_With_Full_Building_Blocks|Mixed Platforms.ActiveCfg = Debug|Any CPU
		{63679E85-102F-45DC-AE22-830572FE1412}.CraftSynth_Debug_With_Full_Building_Blocks|Mixed Platforms.Build.0 = Debug|Any CPU
		{63679E85-102F-45DC-AE22-830572FE1412}.CraftSynth_Debug_With_Full_Building_Blocks|x86.ActiveCfg = Debug|Any CPU
		{63679E85-102F-45DC-AE22-830572FE1412}.Debug|Any CPU.ActiveCfg = Debug|Any CPU
		{63679E85-102F-45DC-AE22-830572FE1412}.Debug|Any CPU.Build.0 = Debug|Any CPU
		{63679E85-102F-45DC-AE22-830572FE1412}.Debug|Mixed Platforms.ActiveCfg = Debug|Any CPU
		{63679E85-102F-45DC-AE22-830572FE1412}.Debug|Mixed Platforms.Build.0 = Debug|Any CPU
		{63679E85-102F-45DC-AE22-830572FE1412}.Debug|x86.ActiveCfg = Debug|Any CPU
		{63679E85-102F-45DC-AE22-830572FE1412}.Release|Any CPU.ActiveCfg = Release|Any CPU
		{63679E85-102F-45DC-AE22-830572FE1412}.Release|Any CPU.Build.0 = Release|Any CPU
		{63679E85-102F-45DC-AE22-830572FE1412}.Release|Mixed Platforms.ActiveCfg = Release|Any CPU
		{63679E85-102F-45DC-AE22-830572FE1412}.Release|Mixed Platforms.Build.0 = Release|Any CPU
		{63679E85-102F-45DC-AE22-830572FE1412}.Release|x86.ActiveCfg = Release|Any CPU
		{C21ACD5E-8367-46B4-891E-853CF0FB6EC5}.CraftSynth_Debug_With_Full_Building_Blocks|Any CPU.ActiveCfg = Debug|Any CPU
		{C21ACD5E-8367-46B4-891E-853CF0FB6EC5}.CraftSynth_Debug_With_Full_Building_Blocks|Any CPU.Build.0 = Debug|Any CPU
		{C21ACD5E-8367-46B4-891E-853CF0FB6EC5}.CraftSynth_Debug_With_Full_Building_Blocks|Mixed Platforms.ActiveCfg = Debug|Any CPU
		{C21ACD5E-8367-46B4-891E-853CF0FB6EC5}.CraftSynth_Debug_With_Full_Building_Blocks|Mixed Platforms.Build.0 = Debug|Any CPU
		{C21ACD5E-8367-46B4-891E-853CF0FB6EC5}.CraftSynth_Debug_With_Full_Building_Blocks|x86.ActiveCfg = Debug|Any CPU
		{C21ACD5E-8367-46B4-891E-853CF0FB6EC5}.Debug|Any CPU.ActiveCfg = Debug|Any CPU
		{C21ACD5E-8367-46B4-891E-853CF0FB6EC5}.Debug|Any CPU.Build.0 = Debug|Any CPU
		{C21ACD5E-8367-46B4-891E-853CF0FB6EC5}.Debug|Mixed Platforms.ActiveCfg = Debug|Any CPU
		{C21ACD5E-8367-46B4-891E-853CF0FB6EC5}.Debug|Mixed Platforms.Build.0 = Debug|Any CPU
		{C21ACD5E-8367-46B4-891E-853CF0FB6EC5}.Debug|x86.ActiveCfg = Debug|Any CPU
		{C21ACD5E-8367-46B4-891E-853CF0FB6EC5}.Release|Any CPU.ActiveCfg = Release|Any CPU
		{C21ACD5E-8367-46B4-891E-853CF0FB6EC5}.Release|Any CPU.Build.0 = Release|Any CPU
		{C21ACD5E-8367-46B4-891E-853CF0FB6EC5}.Release|Mixed Platforms.ActiveCfg = Release|Any CPU
		{C21ACD5E-8367-46B4-891E-853CF0FB6EC5}.Release|Mixed Platforms.Build.0 = Release|Any CPU
		{C21ACD5E-8367-46B4-891E-853CF0FB6EC5}.Release|x86.ActiveCfg = Release|Any CPU
		{4790F80B-89A7-4D60-9D8F-BF83B32A0EE6}.CraftSynth_Debug_With_Full_Building_Blocks|Any CPU.ActiveCfg = Debug|Any CPU
		{4790F80B-89A7-4D60-9D8F-BF83B32A0EE6}.CraftSynth_Debug_With_Full_Building_Blocks|Any CPU.Build.0 = Debug|Any CPU
		{4790F80B-89A7-4D60-9D8F-BF83B32A0EE6}.CraftSynth_Debug_With_Full_Building_Blocks|Mixed Platforms.ActiveCfg = Debug|Any CPU
		{4790F80B-89A7-4D60-9D8F-BF83B32A0EE6}.CraftSynth_Debug_With_Full_Building_Blocks|Mixed Platforms.Build.0 = Debug|Any CPU
		{4790F80B-89A7-4D60-9D8F-BF83B32A0EE6}.CraftSynth_Debug_With_Full_Building_Blocks|x86.ActiveCfg = Debug|Any CPU
		{4790F80B-89A7-4D60-9D8F-BF83B32A0EE6}.Debug|Any CPU.ActiveCfg = Debug|Any CPU
		{4790F80B-89A7-4D60-9D8F-BF83B32A0EE6}.Debug|Any CPU.Build.0 = Debug|Any CPU
		{4790F80B-89A7-4D60-9D8F-BF83B32A0EE6}.Debug|Mixed Platforms.ActiveCfg = Debug|Any CPU
		{4790F80B-89A7-4D60-9D8F-BF83B32A0EE6}.Debug|Mixed Platforms.Build.0 = Debug|Any CPU
		{4790F80B-89A7-4D60-9D8F-BF83B32A0EE6}.Debug|x86.ActiveCfg = Debug|Any CPU
		{4790F80B-89A7-4D60-9D8F-BF83B32A0EE6}.Release|Any CPU.ActiveCfg = Release|Any CPU
		{4790F80B-89A7-4D60-9D8F-BF83B32A0EE6}.Release|Any CPU.Build.0 = Release|Any CPU
		{4790F80B-89A7-4D60-9D8F-BF83B32A0EE6}.Release|Mixed Platforms.ActiveCfg = Release|Any CPU
		{4790F80B-89A7-4D60-9D8F-BF83B32A0EE6}.Release|Mixed Platforms.Build.0 = Release|Any CPU
		{4790F80B-89A7-4D60-9D8F-BF83B32A0EE6}.Release|x86.ActiveCfg = Release|Any CPU
		{0FBCDF8E-7BEB-448D-AB1D-4D60C6786DB4}.CraftSynth_Debug_With_Full_Building_Blocks|Any CPU.ActiveCfg = Debug|Any CPU
		{0FBCDF8E-7BEB-448D-AB1D-4D60C6786DB4}.CraftSynth_Debug_With_Full_Building_Blocks|Any CPU.Build.0 = Debug|Any CPU
		{0FBCDF8E-7BEB-448D-AB1D-4D60C6786DB4}.CraftSynth_Debug_With_Full_Building_Blocks|Mixed Platforms.ActiveCfg = Debug|Any CPU
		{0FBCDF8E-7BEB-448D-AB1D-4D60C6786DB4}.CraftSynth_Debug_With_Full_Building_Blocks|Mixed Platforms.Build.0 = Debug|Any CPU
		{0FBCDF8E-7BEB-448D-AB1D-4D60C6786DB4}.CraftSynth_Debug_With_Full_Building_Blocks|x86.ActiveCfg = Debug|Any CPU
		{0FBCDF8E-7BEB-448D-AB1D-4D60C6786DB4}.Debug|Any CPU.ActiveCfg = Debug|Any CPU
		{0FBCDF8E-7BEB-448D-AB1D-4D60C6786DB4}.Debug|Any CPU.Build.0 = Debug|Any CPU
		{0FBCDF8E-7BEB-448D-AB1D-4D60C6786DB4}.Debug|Mixed Platforms.ActiveCfg = Debug|Any CPU
		{0FBCDF8E-7BEB-448D-AB1D-4D60C6786DB4}.Debug|Mixed Platforms.Build.0 = Debug|Any CPU
		{0FBCDF8E-7BEB-448D-AB1D-4D60C6786DB4}.Debug|x86.ActiveCfg = Debug|Any CPU
		{0FBCDF8E-7BEB-448D-AB1D-4D60C6786DB4}.Release|Any CPU.ActiveCfg = Release|Any CPU
		{0FBCDF8E-7BEB-448D-AB1D-4D60C6786DB4}.Release|Any CPU.Build.0 = Release|Any CPU
		{0FBCDF8E-7BEB-448D-AB1D-4D60C6786DB4}.Release|Mixed Platforms.ActiveCfg = Release|Any CPU
		{0FBCDF8E-7BEB-448D-AB1D-4D60C6786DB4}.Release|Mixed Platforms.Build.0 = Release|Any CPU
		{0FBCDF8E-7BEB-448D-AB1D-4D60C6786DB4}.Release|x86.ActiveCfg = Release|Any CPU
		{CD1F9FFD-3D74-4ACF-9A34-41C22955EBEC}.CraftSynth_Debug_With_Full_Building_Blocks|Any CPU.ActiveCfg = Debug|Any CPU
		{CD1F9FFD-3D74-4ACF-9A34-41C22955EBEC}.CraftSynth_Debug_With_Full_Building_Blocks|Any CPU.Build.0 = Debug|Any CPU
		{CD1F9FFD-3D74-4ACF-9A34-41C22955EBEC}.CraftSynth_Debug_With_Full_Building_Blocks|Mixed Platforms.ActiveCfg = Debug|Any CPU
		{CD1F9FFD-3D74-4ACF-9A34-41C22955EBEC}.CraftSynth_Debug_With_Full_Building_Blocks|Mixed Platforms.Build.0 = Debug|Any CPU
		{CD1F9FFD-3D74-4ACF-9A34-41C22955EBEC}.CraftSynth_Debug_With_Full_Building_Blocks|x86.ActiveCfg = Debug|Any CPU
		{CD1F9FFD-3D74-4ACF-9A34-41C22955EBEC}.Debug|Any CPU.ActiveCfg = Debug|Any CPU
		{CD1F9FFD-3D74-4ACF-9A34-41C22955EBEC}.Debug|Any CPU.Build.0 = Debug|Any CPU
		{CD1F9FFD-3D74-4ACF-9A34-41C22955EBEC}.Debug|Mixed Platforms.ActiveCfg = Debug|Any CPU
		{CD1F9FFD-3D74-4ACF-9A34-41C22955EBEC}.Debug|Mixed Platforms.Build.0 = Debug|Any CPU
		{CD1F9FFD-3D74-4ACF-9A34-41C22955EBEC}.Debug|x86.ActiveCfg = Debug|Any CPU
		{CD1F9FFD-3D74-4ACF-9A34-41C22955EBEC}.Release|Any CPU.ActiveCfg = Release|Any CPU
		{CD1F9FFD-3D74-4ACF-9A34-41C22955EBEC}.Release|Any CPU.Build.0 = Release|Any CPU
		{CD1F9FFD-3D74-4ACF-9A34-41C22955EBEC}.Release|Mixed Platforms.ActiveCfg = Release|Any CPU
		{CD1F9FFD-3D74-4ACF-9A34-41C22955EBEC}.Release|Mixed Platforms.Build.0 = Release|Any CPU
		{CD1F9FFD-3D74-4ACF-9A34-41C22955EBEC}.Release|x86.ActiveCfg = Release|Any CPU
		{FF17945E-4006-4FDD-B5AB-33231AC7A280}.CraftSynth_Debug_With_Full_Building_Blocks|Any CPU.ActiveCfg = Debug|Any CPU
		{FF17945E-4006-4FDD-B5AB-33231AC7A280}.CraftSynth_Debug_With_Full_Building_Blocks|Any CPU.Build.0 = Debug|Any CPU
		{FF17945E-4006-4FDD-B5AB-33231AC7A280}.CraftSynth_Debug_With_Full_Building_Blocks|Mixed Platforms.ActiveCfg = Debug|Any CPU
		{FF17945E-4006-4FDD-B5AB-33231AC7A280}.CraftSynth_Debug_With_Full_Building_Blocks|Mixed Platforms.Build.0 = Debug|Any CPU
		{FF17945E-4006-4FDD-B5AB-33231AC7A280}.CraftSynth_Debug_With_Full_Building_Blocks|x86.ActiveCfg = Debug|Any CPU
		{FF17945E-4006-4FDD-B5AB-33231AC7A280}.Debug|Any CPU.ActiveCfg = Debug|Any CPU
		{FF17945E-4006-4FDD-B5AB-33231AC7A280}.Debug|Any CPU.Build.0 = Debug|Any CPU
		{FF17945E-4006-4FDD-B5AB-33231AC7A280}.Debug|Mixed Platforms.ActiveCfg = Debug|Any CPU
		{FF17945E-4006-4FDD-B5AB-33231AC7A280}.Debug|Mixed Platforms.Build.0 = Debug|Any CPU
		{FF17945E-4006-4FDD-B5AB-33231AC7A280}.Debug|x86.ActiveCfg = Debug|Any CPU
		{FF17945E-4006-4FDD-B5AB-33231AC7A280}.Release|Any CPU.ActiveCfg = Release|Any CPU
		{FF17945E-4006-4FDD-B5AB-33231AC7A280}.Release|Any CPU.Build.0 = Release|Any CPU
		{FF17945E-4006-4FDD-B5AB-33231AC7A280}.Release|Mixed Platforms.ActiveCfg = Release|Any CPU
		{FF17945E-4006-4FDD-B5AB-33231AC7A280}.Release|Mixed Platforms.Build.0 = Release|Any CPU
		{FF17945E-4006-4FDD-B5AB-33231AC7A280}.Release|x86.ActiveCfg = Release|Any CPU
		{100ABCD7-5030-47BE-B357-6C2205927B6B}.CraftSynth_Debug_With_Full_Building_Blocks|Any CPU.ActiveCfg = Debug|Any CPU
		{100ABCD7-5030-47BE-B357-6C2205927B6B}.CraftSynth_Debug_With_Full_Building_Blocks|Any CPU.Build.0 = Debug|Any CPU
		{100ABCD7-5030-47BE-B357-6C2205927B6B}.CraftSynth_Debug_With_Full_Building_Blocks|Mixed Platforms.ActiveCfg = Debug|Any CPU
		{100ABCD7-5030-47BE-B357-6C2205927B6B}.CraftSynth_Debug_With_Full_Building_Blocks|Mixed Platforms.Build.0 = Debug|Any CPU
		{100ABCD7-5030-47BE-B357-6C2205927B6B}.CraftSynth_Debug_With_Full_Building_Blocks|x86.ActiveCfg = Debug|Any CPU
		{100ABCD7-5030-47BE-B357-6C2205927B6B}.Debug|Any CPU.ActiveCfg = Debug|Any CPU
		{100ABCD7-5030-47BE-B357-6C2205927B6B}.Debug|Any CPU.Build.0 = Debug|Any CPU
		{100ABCD7-5030-47BE-B357-6C2205927B6B}.Debug|Mixed Platforms.ActiveCfg = Debug|Any CPU
		{100ABCD7-5030-47BE-B357-6C2205927B6B}.Debug|Mixed Platforms.Build.0 = Debug|Any CPU
		{100ABCD7-5030-47BE-B357-6C2205927B6B}.Debug|x86.ActiveCfg = Debug|Any CPU
		{100ABCD7-5030-47BE-B357-6C2205927B6B}.Release|Any CPU.ActiveCfg = Release|Any CPU
		{100ABCD7-5030-47BE-B357-6C2205927B6B}.Release|Any CPU.Build.0 = Release|Any CPU
		{100ABCD7-5030-47BE-B357-6C2205927B6B}.Release|Mixed Platforms.ActiveCfg = Release|Any CPU
		{100ABCD7-5030-47BE-B357-6C2205927B6B}.Release|Mixed Platforms.Build.0 = Release|Any CPU
		{100ABCD7-5030-47BE-B357-6C2205927B6B}.Release|x86.ActiveCfg = Release|Any CPU
		{17BDD3A3-AEA7-4E7B-AFC9-99EEAF59B723}.CraftSynth_Debug_With_Full_Building_Blocks|Any CPU.ActiveCfg = Debug|Any CPU
		{17BDD3A3-AEA7-4E7B-AFC9-99EEAF59B723}.CraftSynth_Debug_With_Full_Building_Blocks|Any CPU.Build.0 = Debug|Any CPU
		{17BDD3A3-AEA7-4E7B-AFC9-99EEAF59B723}.CraftSynth_Debug_With_Full_Building_Blocks|Mixed Platforms.ActiveCfg = Debug|Any CPU
		{17BDD3A3-AEA7-4E7B-AFC9-99EEAF59B723}.CraftSynth_Debug_With_Full_Building_Blocks|Mixed Platforms.Build.0 = Debug|Any CPU
		{17BDD3A3-AEA7-4E7B-AFC9-99EEAF59B723}.CraftSynth_Debug_With_Full_Building_Blocks|x86.ActiveCfg = Debug|Any CPU
		{17BDD3A3-AEA7-4E7B-AFC9-99EEAF59B723}.Debug|Any CPU.ActiveCfg = Debug|Any CPU
		{17BDD3A3-AEA7-4E7B-AFC9-99EEAF59B723}.Debug|Any CPU.Build.0 = Debug|Any CPU
		{17BDD3A3-AEA7-4E7B-AFC9-99EEAF59B723}.Debug|Mixed Platforms.ActiveCfg = Debug|Any CPU
		{17BDD3A3-AEA7-4E7B-AFC9-99EEAF59B723}.Debug|Mixed Platforms.Build.0 = Debug|Any CPU
		{17BDD3A3-AEA7-4E7B-AFC9-99EEAF59B723}.Debug|x86.ActiveCfg = Debug|Any CPU
		{17BDD3A3-AEA7-4E7B-AFC9-99EEAF59B723}.Release|Any CPU.ActiveCfg = Release|Any CPU
		{17BDD3A3-AEA7-4E7B-AFC9-99EEAF59B723}.Release|Any CPU.Build.0 = Release|Any CPU
		{17BDD3A3-AEA7-4E7B-AFC9-99EEAF59B723}.Release|Mixed Platforms.ActiveCfg = Release|Any CPU
		{17BDD3A3-AEA7-4E7B-AFC9-99EEAF59B723}.Release|Mixed Platforms.Build.0 = Release|Any CPU
		{17BDD3A3-AEA7-4E7B-AFC9-99EEAF59B723}.Release|x86.ActiveCfg = Release|Any CPU
		{905A6E05-DB2F-4FD4-8E43-F3A56942AB34}.CraftSynth_Debug_With_Full_Building_Blocks|Any CPU.ActiveCfg = Debug|Any CPU
		{905A6E05-DB2F-4FD4-8E43-F3A56942AB34}.CraftSynth_Debug_With_Full_Building_Blocks|Any CPU.Build.0 = Debug|Any CPU
		{905A6E05-DB2F-4FD4-8E43-F3A56942AB34}.CraftSynth_Debug_With_Full_Building_Blocks|Mixed Platforms.ActiveCfg = Debug|Any CPU
		{905A6E05-DB2F-4FD4-8E43-F3A56942AB34}.CraftSynth_Debug_With_Full_Building_Blocks|Mixed Platforms.Build.0 = Debug|Any CPU
		{905A6E05-DB2F-4FD4-8E43-F3A56942AB34}.CraftSynth_Debug_With_Full_Building_Blocks|x86.ActiveCfg = Debug|Any CPU
		{905A6E05-DB2F-4FD4-8E43-F3A56942AB34}.Debug|Any CPU.ActiveCfg = Debug|Any CPU
		{905A6E05-DB2F-4FD4-8E43-F3A56942AB34}.Debug|Any CPU.Build.0 = Debug|Any CPU
		{905A6E05-DB2F-4FD4-8E43-F3A56942AB34}.Debug|Mixed Platforms.ActiveCfg = Debug|Any CPU
		{905A6E05-DB2F-4FD4-8E43-F3A56942AB34}.Debug|Mixed Platforms.Build.0 = Debug|Any CPU
		{905A6E05-DB2F-4FD4-8E43-F3A56942AB34}.Debug|x86.ActiveCfg = Debug|Any CPU
		{905A6E05-DB2F-4FD4-8E43-F3A56942AB34}.Release|Any CPU.ActiveCfg = Release|Any CPU
		{905A6E05-DB2F-4FD4-8E43-F3A56942AB34}.Release|Any CPU.Build.0 = Release|Any CPU
		{905A6E05-DB2F-4FD4-8E43-F3A56942AB34}.Release|Mixed Platforms.ActiveCfg = Release|Any CPU
		{905A6E05-DB2F-4FD4-8E43-F3A56942AB34}.Release|Mixed Platforms.Build.0 = Release|Any CPU
		{905A6E05-DB2F-4FD4-8E43-F3A56942AB34}.Release|x86.ActiveCfg = Release|Any CPU
		{E5ED9146-E478-4204-B5AA-AF9BFA8EF153}.CraftSynth_Debug_With_Full_Building_Blocks|Any CPU.ActiveCfg = CraftSynth_Debug_With_Full_Building_Blocks|Any CPU
		{E5ED9146-E478-4204-B5AA-AF9BFA8EF153}.CraftSynth_Debug_With_Full_Building_Blocks|Any CPU.Build.0 = CraftSynth_Debug_With_Full_Building_Blocks|Any CPU
		{E5ED9146-E478-4204-B5AA-AF9BFA8EF153}.CraftSynth_Debug_With_Full_Building_Blocks|Mixed Platforms.ActiveCfg = CraftSynth_Debug_With_Full_Building_Blocks|Any CPU
		{E5ED9146-E478-4204-B5AA-AF9BFA8EF153}.CraftSynth_Debug_With_Full_Building_Blocks|Mixed Platforms.Build.0 = CraftSynth_Debug_With_Full_Building_Blocks|Any CPU
		{E5ED9146-E478-4204-B5AA-AF9BFA8EF153}.CraftSynth_Debug_With_Full_Building_Blocks|x86.ActiveCfg = CraftSynth_Debug_With_Full_Building_Blocks|Any CPU
		{E5ED9146-E478-4204-B5AA-AF9BFA8EF153}.Debug|Any CPU.ActiveCfg = Debug|Any CPU
		{E5ED9146-E478-4204-B5AA-AF9BFA8EF153}.Debug|Any CPU.Build.0 = Debug|Any CPU
		{E5ED9146-E478-4204-B5AA-AF9BFA8EF153}.Debug|Mixed Platforms.ActiveCfg = Debug|Any CPU
		{E5ED9146-E478-4204-B5AA-AF9BFA8EF153}.Debug|Mixed Platforms.Build.0 = Debug|Any CPU
		{E5ED9146-E478-4204-B5AA-AF9BFA8EF153}.Debug|x86.ActiveCfg = Debug|Any CPU
		{E5ED9146-E478-4204-B5AA-AF9BFA8EF153}.Release|Any CPU.ActiveCfg = Release|Any CPU
		{E5ED9146-E478-4204-B5AA-AF9BFA8EF153}.Release|Any CPU.Build.0 = Release|Any CPU
		{E5ED9146-E478-4204-B5AA-AF9BFA8EF153}.Release|Mixed Platforms.ActiveCfg = Release|Any CPU
		{E5ED9146-E478-4204-B5AA-AF9BFA8EF153}.Release|Mixed Platforms.Build.0 = Release|Any CPU
		{E5ED9146-E478-4204-B5AA-AF9BFA8EF153}.Release|x86.ActiveCfg = Release|Any CPU
		{DEF5756D-7061-4A8B-9B57-6DEDA4B3BE01}.CraftSynth_Debug_With_Full_Building_Blocks|Any CPU.ActiveCfg = Debug|x86
		{DEF5756D-7061-4A8B-9B57-6DEDA4B3BE01}.CraftSynth_Debug_With_Full_Building_Blocks|Mixed Platforms.ActiveCfg = Debug|x86
		{DEF5756D-7061-4A8B-9B57-6DEDA4B3BE01}.CraftSynth_Debug_With_Full_Building_Blocks|Mixed Platforms.Build.0 = Debug|x86
		{DEF5756D-7061-4A8B-9B57-6DEDA4B3BE01}.CraftSynth_Debug_With_Full_Building_Blocks|x86.ActiveCfg = Debug|x86
		{DEF5756D-7061-4A8B-9B57-6DEDA4B3BE01}.CraftSynth_Debug_With_Full_Building_Blocks|x86.Build.0 = Debug|x86
		{DEF5756D-7061-4A8B-9B57-6DEDA4B3BE01}.Debug|Any CPU.ActiveCfg = Debug|x86
		{DEF5756D-7061-4A8B-9B57-6DEDA4B3BE01}.Debug|Mixed Platforms.ActiveCfg = Debug|x86
		{DEF5756D-7061-4A8B-9B57-6DEDA4B3BE01}.Debug|Mixed Platforms.Build.0 = Debug|x86
		{DEF5756D-7061-4A8B-9B57-6DEDA4B3BE01}.Debug|x86.ActiveCfg = Debug|x86
		{DEF5756D-7061-4A8B-9B57-6DEDA4B3BE01}.Debug|x86.Build.0 = Debug|x86
		{DEF5756D-7061-4A8B-9B57-6DEDA4B3BE01}.Release|Any CPU.ActiveCfg = Release|x86
		{DEF5756D-7061-4A8B-9B57-6DEDA4B3BE01}.Release|Mixed Platforms.ActiveCfg = Release|x86
		{DEF5756D-7061-4A8B-9B57-6DEDA4B3BE01}.Release|Mixed Platforms.Build.0 = Release|x86
		{DEF5756D-7061-4A8B-9B57-6DEDA4B3BE01}.Release|x86.ActiveCfg = Release|x86
		{DEF5756D-7061-4A8B-9B57-6DEDA4B3BE01}.Release|x86.Build.0 = Release|x86
		{A3F38E8C-3923-4895-982C-6543ACB3636C}.CraftSynth_Debug_With_Full_Building_Blocks|Any CPU.ActiveCfg = Debug|x86
		{A3F38E8C-3923-4895-982C-6543ACB3636C}.CraftSynth_Debug_With_Full_Building_Blocks|Mixed Platforms.ActiveCfg = Debug|x86
		{A3F38E8C-3923-4895-982C-6543ACB3636C}.CraftSynth_Debug_With_Full_Building_Blocks|Mixed Platforms.Build.0 = Debug|x86
		{A3F38E8C-3923-4895-982C-6543ACB3636C}.CraftSynth_Debug_With_Full_Building_Blocks|x86.ActiveCfg = Debug|x86
		{A3F38E8C-3923-4895-982C-6543ACB3636C}.CraftSynth_Debug_With_Full_Building_Blocks|x86.Build.0 = Debug|x86
		{A3F38E8C-3923-4895-982C-6543ACB3636C}.Debug|Any CPU.ActiveCfg = Debug|x86
		{A3F38E8C-3923-4895-982C-6543ACB3636C}.Debug|Mixed Platforms.ActiveCfg = Debug|x86
		{A3F38E8C-3923-4895-982C-6543ACB3636C}.Debug|Mixed Platforms.Build.0 = Debug|x86
		{A3F38E8C-3923-4895-982C-6543ACB3636C}.Debug|x86.ActiveCfg = Debug|x86
		{A3F38E8C-3923-4895-982C-6543ACB3636C}.Debug|x86.Build.0 = Debug|x86
		{A3F38E8C-3923-4895-982C-6543ACB3636C}.Release|Any CPU.ActiveCfg = Release|x86
		{A3F38E8C-3923-4895-982C-6543ACB3636C}.Release|Mixed Platforms.ActiveCfg = Release|x86
		{A3F38E8C-3923-4895-982C-6543ACB3636C}.Release|Mixed Platforms.Build.0 = Release|x86
		{A3F38E8C-3923-4895-982C-6543ACB3636C}.Release|x86.ActiveCfg = Release|x86
		{A3F38E8C-3923-4895-982C-6543ACB3636C}.Release|x86.Build.0 = Release|x86
		{CF93DE02-1863-4337-8297-07334595DAFF}.CraftSynth_Debug_With_Full_Building_Blocks|Any CPU.ActiveCfg = Debug|Any CPU
		{CF93DE02-1863-4337-8297-07334595DAFF}.CraftSynth_Debug_With_Full_Building_Blocks|Any CPU.Build.0 = Debug|Any CPU
		{CF93DE02-1863-4337-8297-07334595DAFF}.CraftSynth_Debug_With_Full_Building_Blocks|Mixed Platforms.ActiveCfg = Debug|Any CPU
		{CF93DE02-1863-4337-8297-07334595DAFF}.CraftSynth_Debug_With_Full_Building_Blocks|Mixed Platforms.Build.0 = Debug|Any CPU
		{CF93DE02-1863-4337-8297-07334595DAFF}.CraftSynth_Debug_With_Full_Building_Blocks|x86.ActiveCfg = Debug|Any CPU
		{CF93DE02-1863-4337-8297-07334595DAFF}.Debug|Any CPU.ActiveCfg = Debug|Any CPU
		{CF93DE02-1863-4337-8297-07334595DAFF}.Debug|Any CPU.Build.0 = Debug|Any CPU
		{CF93DE02-1863-4337-8297-07334595DAFF}.Debug|Mixed Platforms.ActiveCfg = Debug|Any CPU
		{CF93DE02-1863-4337-8297-07334595DAFF}.Debug|Mixed Platforms.Build.0 = Debug|Any CPU
		{CF93DE02-1863-4337-8297-07334595DAFF}.Debug|x86.ActiveCfg = Debug|Any CPU
		{CF93DE02-1863-4337-8297-07334595DAFF}.Release|Any CPU.ActiveCfg = Release|Any CPU
		{CF93DE02-1863-4337-8297-07334595DAFF}.Release|Any CPU.Build.0 = Release|Any CPU
		{CF93DE02-1863-4337-8297-07334595DAFF}.Release|Mixed Platforms.ActiveCfg = Release|Any CPU
		{CF93DE02-1863-4337-8297-07334595DAFF}.Release|Mixed Platforms.Build.0 = Release|Any CPU
		{CF93DE02-1863-4337-8297-07334595DAFF}.Release|x86.ActiveCfg = Release|Any CPU
		{45DE7EFD-5AB4-4F8E-861A-1192B0A90EEB}.CraftSynth_Debug_With_Full_Building_Blocks|Any CPU.ActiveCfg = Debug|Any CPU
		{45DE7EFD-5AB4-4F8E-861A-1192B0A90EEB}.CraftSynth_Debug_With_Full_Building_Blocks|Any CPU.Build.0 = Debug|Any CPU
		{45DE7EFD-5AB4-4F8E-861A-1192B0A90EEB}.CraftSynth_Debug_With_Full_Building_Blocks|Mixed Platforms.ActiveCfg = Debug|Any CPU
		{45DE7EFD-5AB4-4F8E-861A-1192B0A90EEB}.CraftSynth_Debug_With_Full_Building_Blocks|Mixed Platforms.Build.0 = Debug|Any CPU
		{45DE7EFD-5AB4-4F8E-861A-1192B0A90EEB}.CraftSynth_Debug_With_Full_Building_Blocks|x86.ActiveCfg = Debug|Any CPU
		{45DE7EFD-5AB4-4F8E-861A-1192B0A90EEB}.Debug|Any CPU.ActiveCfg = Debug|Any CPU
		{45DE7EFD-5AB4-4F8E-861A-1192B0A90EEB}.Debug|Any CPU.Build.0 = Debug|Any CPU
		{45DE7EFD-5AB4-4F8E-861A-1192B0A90EEB}.Debug|Mixed Platforms.ActiveCfg = Debug|Any CPU
		{45DE7EFD-5AB4-4F8E-861A-1192B0A90EEB}.Debug|Mixed Platforms.Build.0 = Debug|Any CPU
		{45DE7EFD-5AB4-4F8E-861A-1192B0A90EEB}.Debug|x86.ActiveCfg = Debug|Any CPU
		{45DE7EFD-5AB4-4F8E-861A-1192B0A90EEB}.Release|Any CPU.ActiveCfg = Release|Any CPU
		{45DE7EFD-5AB4-4F8E-861A-1192B0A90EEB}.Release|Any CPU.Build.0 = Release|Any CPU
		{45DE7EFD-5AB4-4F8E-861A-1192B0A90EEB}.Release|Mixed Platforms.ActiveCfg = Release|Any CPU
		{45DE7EFD-5AB4-4F8E-861A-1192B0A90EEB}.Release|Mixed Platforms.Build.0 = Release|Any CPU
		{45DE7EFD-5AB4-4F8E-861A-1192B0A90EEB}.Release|x86.ActiveCfg = Release|Any CPU
		{2C1E7135-1B97-4B78-85FE-054DED8F60E5}.CraftSynth_Debug_With_Full_Building_Blocks|Any CPU.ActiveCfg = Debug|x86
		{2C1E7135-1B97-4B78-85FE-054DED8F60E5}.CraftSynth_Debug_With_Full_Building_Blocks|Mixed Platforms.ActiveCfg = Debug|x86
		{2C1E7135-1B97-4B78-85FE-054DED8F60E5}.CraftSynth_Debug_With_Full_Building_Blocks|Mixed Platforms.Build.0 = Debug|x86
		{2C1E7135-1B97-4B78-85FE-054DED8F60E5}.CraftSynth_Debug_With_Full_Building_Blocks|x86.ActiveCfg = Debug|x86
		{2C1E7135-1B97-4B78-85FE-054DED8F60E5}.CraftSynth_Debug_With_Full_Building_Blocks|x86.Build.0 = Debug|x86
		{2C1E7135-1B97-4B78-85FE-054DED8F60E5}.Debug|Any CPU.ActiveCfg = Debug|x86
		{2C1E7135-1B97-4B78-85FE-054DED8F60E5}.Debug|Mixed Platforms.ActiveCfg = Debug|x86
		{2C1E7135-1B97-4B78-85FE-054DED8F60E5}.Debug|Mixed Platforms.Build.0 = Debug|x86
		{2C1E7135-1B97-4B78-85FE-054DED8F60E5}.Debug|x86.ActiveCfg = Debug|x86
		{2C1E7135-1B97-4B78-85FE-054DED8F60E5}.Debug|x86.Build.0 = Debug|x86
		{2C1E7135-1B97-4B78-85FE-054DED8F60E5}.Release|Any CPU.ActiveCfg = Release|x86
		{2C1E7135-1B97-4B78-85FE-054DED8F60E5}.Release|Mixed Platforms.ActiveCfg = Release|x86
		{2C1E7135-1B97-4B78-85FE-054DED8F60E5}.Release|Mixed Platforms.Build.0 = Release|x86
		{2C1E7135-1B97-4B78-85FE-054DED8F60E5}.Release|x86.ActiveCfg = Release|x86
		{2C1E7135-1B97-4B78-85FE-054DED8F60E5}.Release|x86.Build.0 = Release|x86
		{70608C04-6BB2-4924-96F3-F19263E0A9C2}.CraftSynth_Debug_With_Full_Building_Blocks|Any CPU.ActiveCfg = Debug
		{70608C04-6BB2-4924-96F3-F19263E0A9C2}.CraftSynth_Debug_With_Full_Building_Blocks|Mixed Platforms.ActiveCfg = Debug
		{70608C04-6BB2-4924-96F3-F19263E0A9C2}.CraftSynth_Debug_With_Full_Building_Blocks|x86.ActiveCfg = Debug
		{70608C04-6BB2-4924-96F3-F19263E0A9C2}.Debug|Any CPU.ActiveCfg = Debug
		{70608C04-6BB2-4924-96F3-F19263E0A9C2}.Debug|Mixed Platforms.ActiveCfg = Debug
		{70608C04-6BB2-4924-96F3-F19263E0A9C2}.Debug|x86.ActiveCfg = Debug
		{70608C04-6BB2-4924-96F3-F19263E0A9C2}.Release|Any CPU.ActiveCfg = Release
		{70608C04-6BB2-4924-96F3-F19263E0A9C2}.Release|Mixed Platforms.ActiveCfg = Release
		{70608C04-6BB2-4924-96F3-F19263E0A9C2}.Release|x86.ActiveCfg = Release
	EndGlobalSection
	GlobalSection(SolutionProperties) = preSolution
		HideSolutionNode = FALSE
	EndGlobalSection
EndGlobal
